// !$*UTF8*$!
{
	archiveVersion = 1;
	classes = {
	};
	objectVersion = 46;
	objects = {

/* Begin PBXBuildFile section */
		0091D8F90E81B9330029341E /* OpenGL.framework in Frameworks */ = {isa = PBXBuildFile; fileRef = 0091D8F80E81B9330029341E /* OpenGL.framework */; };
		00B784B30FF439BC000DE1D7 /* Accelerate.framework in Frameworks */ = {isa = PBXBuildFile; fileRef = 00B784AF0FF439BC000DE1D7 /* Accelerate.framework */; };
		00B784B40FF439BC000DE1D7 /* AudioToolbox.framework in Frameworks */ = {isa = PBXBuildFile; fileRef = 00B784B00FF439BC000DE1D7 /* AudioToolbox.framework */; };
		00B784B50FF439BC000DE1D7 /* AudioUnit.framework in Frameworks */ = {isa = PBXBuildFile; fileRef = 00B784B10FF439BC000DE1D7 /* AudioUnit.framework */; };
		00B784B60FF439BC000DE1D7 /* CoreAudio.framework in Frameworks */ = {isa = PBXBuildFile; fileRef = 00B784B20FF439BC000DE1D7 /* CoreAudio.framework */; };
		149E451A1B30B60B0088F1FF /* Cinder-OpenNI.cpp in Sources */ = {isa = PBXBuildFile; fileRef = 149E445C1B30B60B0088F1FF /* Cinder-OpenNI.cpp */; };
		149E45551B30CC5F0088F1FF /* libNiTE2.dylib in Frameworks */ = {isa = PBXBuildFile; fileRef = 149E454B1B30CC5F0088F1FF /* libNiTE2.dylib */; };
		149E45561B30CC5F0088F1FF /* libOpenNI2.dylib in Frameworks */ = {isa = PBXBuildFile; fileRef = 149E454C1B30CC5F0088F1FF /* libOpenNI2.dylib */; };
		149E455F1B30CC7D0088F1FF /* NiTE2 in CopyFiles */ = {isa = PBXBuildFile; fileRef = 149E454E1B30CC5F0088F1FF /* NiTE2 */; };
		149E45601B30CC8B0088F1FF /* OpenNI2 in CopyFiles */ = {isa = PBXBuildFile; fileRef = 149E45521B30CC5F0088F1FF /* OpenNI2 */; };
		149E45621B30CCA10088F1FF /* libNiTE2.dylib in CopyFiles */ = {isa = PBXBuildFile; fileRef = 149E454B1B30CC5F0088F1FF /* libNiTE2.dylib */; };
		149E45631B30CCA10088F1FF /* libOpenNI2.dylib in CopyFiles */ = {isa = PBXBuildFile; fileRef = 149E454C1B30CC5F0088F1FF /* libOpenNI2.dylib */; };
		149E45641B30CCA10088F1FF /* NiTE.ini in CopyFiles */ = {isa = PBXBuildFile; fileRef = 149E454D1B30CC5F0088F1FF /* NiTE.ini */; };
		149E45661B30CCA10088F1FF /* OpenNI.ini in CopyFiles */ = {isa = PBXBuildFile; fileRef = 149E45511B30CC5F0088F1FF /* OpenNI.ini */; };
		39C41A07DA614620835A5830 /* MotionTrackingApp.cpp in Sources */ = {isa = PBXBuildFile; fileRef = 61DFA4E890C44277BDE0382D /* MotionTrackingApp.cpp */; };
		5323E6B20EAFCA74003A9687 /* CoreVideo.framework in Frameworks */ = {isa = PBXBuildFile; fileRef = 5323E6B10EAFCA74003A9687 /* CoreVideo.framework */; };
		5323E6B60EAFCA7E003A9687 /* QTKit.framework in Frameworks */ = {isa = PBXBuildFile; fileRef = 5323E6B50EAFCA7E003A9687 /* QTKit.framework */; };
		8D11072F0486CEB800E47090 /* Cocoa.framework in Frameworks */ = {isa = PBXBuildFile; fileRef = 1058C7A1FEA54F0111CA2CBB /* Cocoa.framework */; };
		B7FE26569E484C6792AC0DA8 /* CinderApp.icns in Resources */ = {isa = PBXBuildFile; fileRef = 542130D84B774DCBA3FA0093 /* CinderApp.icns */; };
/* End PBXBuildFile section */

/* Begin PBXCopyFilesBuildPhase section */
		149E45271B30C8EC0088F1FF /* CopyFiles */ = {
			isa = PBXCopyFilesBuildPhase;
			buildActionMask = 2147483647;
			dstPath = "";
			dstSubfolderSpec = 6;
			files = (
				149E45621B30CCA10088F1FF /* libNiTE2.dylib in CopyFiles */,
				149E45631B30CCA10088F1FF /* libOpenNI2.dylib in CopyFiles */,
				149E45641B30CCA10088F1FF /* NiTE.ini in CopyFiles */,
				149E45661B30CCA10088F1FF /* OpenNI.ini in CopyFiles */,
				149E45601B30CC8B0088F1FF /* OpenNI2 in CopyFiles */,
				149E455F1B30CC7D0088F1FF /* NiTE2 in CopyFiles */,
			);
			runOnlyForDeploymentPostprocessing = 0;
		};
/* End PBXCopyFilesBuildPhase section */

/* Begin PBXFileReference section */
		0091D8F80E81B9330029341E /* OpenGL.framework */ = {isa = PBXFileReference; lastKnownFileType = wrapper.framework; name = OpenGL.framework; path = /System/Library/Frameworks/OpenGL.framework; sourceTree = "<absolute>"; };
		00B784AF0FF439BC000DE1D7 /* Accelerate.framework */ = {isa = PBXFileReference; lastKnownFileType = wrapper.framework; name = Accelerate.framework; path = System/Library/Frameworks/Accelerate.framework; sourceTree = SDKROOT; };
		00B784B00FF439BC000DE1D7 /* AudioToolbox.framework */ = {isa = PBXFileReference; lastKnownFileType = wrapper.framework; name = AudioToolbox.framework; path = System/Library/Frameworks/AudioToolbox.framework; sourceTree = SDKROOT; };
		00B784B10FF439BC000DE1D7 /* AudioUnit.framework */ = {isa = PBXFileReference; lastKnownFileType = wrapper.framework; name = AudioUnit.framework; path = System/Library/Frameworks/AudioUnit.framework; sourceTree = SDKROOT; };
		00B784B20FF439BC000DE1D7 /* CoreAudio.framework */ = {isa = PBXFileReference; lastKnownFileType = wrapper.framework; name = CoreAudio.framework; path = System/Library/Frameworks/CoreAudio.framework; sourceTree = SDKROOT; };
		1058C7A1FEA54F0111CA2CBB /* Cocoa.framework */ = {isa = PBXFileReference; lastKnownFileType = wrapper.framework; name = Cocoa.framework; path = /System/Library/Frameworks/Cocoa.framework; sourceTree = "<absolute>"; };
		149E445C1B30B60B0088F1FF /* Cinder-OpenNI.cpp */ = {isa = PBXFileReference; fileEncoding = 4; lastKnownFileType = sourcecode.cpp.cpp; path = "Cinder-OpenNI.cpp"; sourceTree = "<group>"; };
		149E445D1B30B60B0088F1FF /* Cinder-OpenNI.h */ = {isa = PBXFileReference; fileEncoding = 4; lastKnownFileType = sourcecode.c.h; path = "Cinder-OpenNI.h"; sourceTree = "<group>"; };
		149E445F1B30B60B0088F1FF /* NiTE.h */ = {isa = PBXFileReference; fileEncoding = 4; lastKnownFileType = sourcecode.c.h; path = NiTE.h; sourceTree = "<group>"; };
		149E44601B30B60B0088F1FF /* NiteCAPI.h */ = {isa = PBXFileReference; fileEncoding = 4; lastKnownFileType = sourcecode.c.h; path = NiteCAPI.h; sourceTree = "<group>"; };
		149E44611B30B60B0088F1FF /* NiteCEnums.h */ = {isa = PBXFileReference; fileEncoding = 4; lastKnownFileType = sourcecode.c.h; path = NiteCEnums.h; sourceTree = "<group>"; };
		149E44621B30B60B0088F1FF /* NiteCTypes.h */ = {isa = PBXFileReference; fileEncoding = 4; lastKnownFileType = sourcecode.c.h; path = NiteCTypes.h; sourceTree = "<group>"; };
		149E44631B30B60B0088F1FF /* NiteEnums.h */ = {isa = PBXFileReference; fileEncoding = 4; lastKnownFileType = sourcecode.c.h; path = NiteEnums.h; sourceTree = "<group>"; };
		149E44641B30B60B0088F1FF /* NiteVersion.h */ = {isa = PBXFileReference; fileEncoding = 4; lastKnownFileType = sourcecode.c.h; path = NiteVersion.h; sourceTree = "<group>"; };
		149E44671B30B60B0088F1FF /* OniPlatformAndroid-Arm.h */ = {isa = PBXFileReference; fileEncoding = 4; lastKnownFileType = sourcecode.c.h; path = "OniPlatformAndroid-Arm.h"; sourceTree = "<group>"; };
		149E44691B30B60B0088F1FF /* OniDriverAPI.h */ = {isa = PBXFileReference; fileEncoding = 4; lastKnownFileType = sourcecode.c.h; path = OniDriverAPI.h; sourceTree = "<group>"; };
		149E446A1B30B60B0088F1FF /* OniDriverTypes.h */ = {isa = PBXFileReference; fileEncoding = 4; lastKnownFileType = sourcecode.c.h; path = OniDriverTypes.h; sourceTree = "<group>"; };
		149E446C1B30B60B0088F1FF /* OniPlatformLinux-Arm.h */ = {isa = PBXFileReference; fileEncoding = 4; lastKnownFileType = sourcecode.c.h; path = "OniPlatformLinux-Arm.h"; sourceTree = "<group>"; };
		149E446E1B30B60B0088F1FF /* OniPlatformLinux-x86.h */ = {isa = PBXFileReference; fileEncoding = 4; lastKnownFileType = sourcecode.c.h; path = "OniPlatformLinux-x86.h"; sourceTree = "<group>"; };
		149E44701B30B60B0088F1FF /* OniPlatformMacOSX.h */ = {isa = PBXFileReference; fileEncoding = 4; lastKnownFileType = sourcecode.c.h; path = OniPlatformMacOSX.h; sourceTree = "<group>"; };
		149E44711B30B60B0088F1FF /* OniCAPI.h */ = {isa = PBXFileReference; fileEncoding = 4; lastKnownFileType = sourcecode.c.h; path = OniCAPI.h; sourceTree = "<group>"; };
		149E44721B30B60B0088F1FF /* OniCEnums.h */ = {isa = PBXFileReference; fileEncoding = 4; lastKnownFileType = sourcecode.c.h; path = OniCEnums.h; sourceTree = "<group>"; };
		149E44731B30B60B0088F1FF /* OniCProperties.h */ = {isa = PBXFileReference; fileEncoding = 4; lastKnownFileType = sourcecode.c.h; path = OniCProperties.h; sourceTree = "<group>"; };
		149E44741B30B60B0088F1FF /* OniCTypes.h */ = {isa = PBXFileReference; fileEncoding = 4; lastKnownFileType = sourcecode.c.h; path = OniCTypes.h; sourceTree = "<group>"; };
		149E44751B30B60B0088F1FF /* OniEnums.h */ = {isa = PBXFileReference; fileEncoding = 4; lastKnownFileType = sourcecode.c.h; path = OniEnums.h; sourceTree = "<group>"; };
		149E44761B30B60B0088F1FF /* OniPlatform.h */ = {isa = PBXFileReference; fileEncoding = 4; lastKnownFileType = sourcecode.c.h; path = OniPlatform.h; sourceTree = "<group>"; };
		149E44771B30B60B0088F1FF /* OniProperties.h */ = {isa = PBXFileReference; fileEncoding = 4; lastKnownFileType = sourcecode.c.h; path = OniProperties.h; sourceTree = "<group>"; };
		149E44781B30B60B0088F1FF /* OniVersion.h */ = {isa = PBXFileReference; fileEncoding = 4; lastKnownFileType = sourcecode.c.h; path = OniVersion.h; sourceTree = "<group>"; };
		149E44791B30B60B0088F1FF /* OpenNI.h */ = {isa = PBXFileReference; fileEncoding = 4; lastKnownFileType = sourcecode.c.h; path = OpenNI.h; sourceTree = "<group>"; };
		149E447A1B30B60B0088F1FF /* PrimeSense.h */ = {isa = PBXFileReference; fileEncoding = 4; lastKnownFileType = sourcecode.c.h; path = PrimeSense.h; sourceTree = "<group>"; };
		149E447B1B30B60B0088F1FF /* PS1080.h */ = {isa = PBXFileReference; fileEncoding = 4; lastKnownFileType = sourcecode.c.h; path = PS1080.h; sourceTree = "<group>"; };
		149E447C1B30B60B0088F1FF /* PSLink.h */ = {isa = PBXFileReference; fileEncoding = 4; lastKnownFileType = sourcecode.c.h; path = PSLink.h; sourceTree = "<group>"; };
		149E447E1B30B60B0088F1FF /* OniPlatformWin32.h */ = {isa = PBXFileReference; fileEncoding = 4; lastKnownFileType = sourcecode.c.h; path = OniPlatformWin32.h; sourceTree = "<group>"; };
		149E454B1B30CC5F0088F1FF /* libNiTE2.dylib */ = {isa = PBXFileReference; lastKnownFileType = "compiled.mach-o.dylib"; path = libNiTE2.dylib; sourceTree = "<group>"; };
		149E454C1B30CC5F0088F1FF /* libOpenNI2.dylib */ = {isa = PBXFileReference; lastKnownFileType = "compiled.mach-o.dylib"; path = libOpenNI2.dylib; sourceTree = "<group>"; };
		149E454D1B30CC5F0088F1FF /* NiTE.ini */ = {isa = PBXFileReference; fileEncoding = 4; lastKnownFileType = text; path = NiTE.ini; sourceTree = "<group>"; };
		149E454E1B30CC5F0088F1FF /* NiTE2 */ = {isa = PBXFileReference; lastKnownFileType = folder; path = NiTE2; sourceTree = "<group>"; };
		149E454F1B30CC5F0088F1FF /* NiTE2.dll */ = {isa = PBXFileReference; lastKnownFileType = file; path = NiTE2.dll; sourceTree = "<group>"; };
		149E45501B30CC5F0088F1FF /* NiTE2.lib */ = {isa = PBXFileReference; lastKnownFileType = archive.ar; path = NiTE2.lib; sourceTree = "<group>"; };
		149E45511B30CC5F0088F1FF /* OpenNI.ini */ = {isa = PBXFileReference; fileEncoding = 4; lastKnownFileType = text; path = OpenNI.ini; sourceTree = "<group>"; };
		149E45521B30CC5F0088F1FF /* OpenNI2 */ = {isa = PBXFileReference; lastKnownFileType = folder; path = OpenNI2; sourceTree = "<group>"; };
		149E45531B30CC5F0088F1FF /* OpenNI2.dll */ = {isa = PBXFileReference; lastKnownFileType = file; path = OpenNI2.dll; sourceTree = "<group>"; };
		149E45541B30CC5F0088F1FF /* OpenNI2.lib */ = {isa = PBXFileReference; lastKnownFileType = archive.ar; path = OpenNI2.lib; sourceTree = "<group>"; };
		29B97324FDCFA39411CA2CEA /* AppKit.framework */ = {isa = PBXFileReference; lastKnownFileType = wrapper.framework; name = AppKit.framework; path = /System/Library/Frameworks/AppKit.framework; sourceTree = "<absolute>"; };
		29B97325FDCFA39411CA2CEA /* Foundation.framework */ = {isa = PBXFileReference; lastKnownFileType = wrapper.framework; name = Foundation.framework; path = /System/Library/Frameworks/Foundation.framework; sourceTree = "<absolute>"; };
		374D94B320A44CEF93A6670F /* MotionTracking_Prefix.pch */ = {isa = PBXFileReference; lastKnownFileType = "\"\""; path = MotionTracking_Prefix.pch; sourceTree = "<group>"; };
		5323E6B10EAFCA74003A9687 /* CoreVideo.framework */ = {isa = PBXFileReference; lastKnownFileType = wrapper.framework; name = CoreVideo.framework; path = /System/Library/Frameworks/CoreVideo.framework; sourceTree = "<absolute>"; };
		5323E6B50EAFCA7E003A9687 /* QTKit.framework */ = {isa = PBXFileReference; lastKnownFileType = wrapper.framework; name = QTKit.framework; path = /System/Library/Frameworks/QTKit.framework; sourceTree = "<absolute>"; };
		542130D84B774DCBA3FA0093 /* CinderApp.icns */ = {isa = PBXFileReference; lastKnownFileType = image.icns; name = CinderApp.icns; path = ../resources/CinderApp.icns; sourceTree = "<group>"; };
		5994E9725684473B8E4A0D2C /* Resources.h */ = {isa = PBXFileReference; lastKnownFileType = sourcecode.c.h; name = Resources.h; path = ../include/Resources.h; sourceTree = "<group>"; };
		61DFA4E890C44277BDE0382D /* MotionTrackingApp.cpp */ = {isa = PBXFileReference; lastKnownFileType = sourcecode.c.cpp; name = MotionTrackingApp.cpp; path = ../src/MotionTrackingApp.cpp; sourceTree = "<group>"; };
		8D1107320486CEB800E47090 /* MotionTracking.app */ = {isa = PBXFileReference; explicitFileType = wrapper.application; includeInIndex = 0; path = MotionTracking.app; sourceTree = BUILT_PRODUCTS_DIR; };
		FD46921D8FD94FF4A68281A6 /* Info.plist */ = {isa = PBXFileReference; lastKnownFileType = text.plist.xml; path = Info.plist; sourceTree = "<group>"; };
/* End PBXFileReference section */

/* Begin PBXFrameworksBuildPhase section */
		8D11072E0486CEB800E47090 /* Frameworks */ = {
			isa = PBXFrameworksBuildPhase;
			buildActionMask = 2147483647;
			files = (
				8D11072F0486CEB800E47090 /* Cocoa.framework in Frameworks */,
				0091D8F90E81B9330029341E /* OpenGL.framework in Frameworks */,
				149E45551B30CC5F0088F1FF /* libNiTE2.dylib in Frameworks */,
				5323E6B20EAFCA74003A9687 /* CoreVideo.framework in Frameworks */,
				149E45561B30CC5F0088F1FF /* libOpenNI2.dylib in Frameworks */,
				5323E6B60EAFCA7E003A9687 /* QTKit.framework in Frameworks */,
				00B784B30FF439BC000DE1D7 /* Accelerate.framework in Frameworks */,
				00B784B40FF439BC000DE1D7 /* AudioToolbox.framework in Frameworks */,
				00B784B50FF439BC000DE1D7 /* AudioUnit.framework in Frameworks */,
				00B784B60FF439BC000DE1D7 /* CoreAudio.framework in Frameworks */,
			);
			runOnlyForDeploymentPostprocessing = 0;
		};
/* End PBXFrameworksBuildPhase section */

/* Begin PBXGroup section */
		01B97315FEAEA392516A2CEA /* Blocks */ = {
			isa = PBXGroup;
			children = (
				149E43751B30B60A0088F1FF /* Cinder-OpenNI */,
			);
			name = Blocks;
			sourceTree = "<group>";
		};
		080E96DDFE201D6D7F000001 /* Source */ = {
			isa = PBXGroup;
			children = (
				61DFA4E890C44277BDE0382D /* MotionTrackingApp.cpp */,
			);
			name = Source;
			sourceTree = "<group>";
		};
		1058C7A0FEA54F0111CA2CBB /* Linked Frameworks */ = {
			isa = PBXGroup;
			children = (
				00B784AF0FF439BC000DE1D7 /* Accelerate.framework */,
				00B784B00FF439BC000DE1D7 /* AudioToolbox.framework */,
				00B784B10FF439BC000DE1D7 /* AudioUnit.framework */,
				00B784B20FF439BC000DE1D7 /* CoreAudio.framework */,
				5323E6B50EAFCA7E003A9687 /* QTKit.framework */,
				5323E6B10EAFCA74003A9687 /* CoreVideo.framework */,
				0091D8F80E81B9330029341E /* OpenGL.framework */,
				1058C7A1FEA54F0111CA2CBB /* Cocoa.framework */,
			);
			name = "Linked Frameworks";
			sourceTree = "<group>";
		};
		1058C7A2FEA54F0111CA2CBB /* Other Frameworks */ = {
			isa = PBXGroup;
			children = (
				29B97324FDCFA39411CA2CEA /* AppKit.framework */,
				29B97325FDCFA39411CA2CEA /* Foundation.framework */,
			);
			name = "Other Frameworks";
			sourceTree = "<group>";
		};
		149E43751B30B60A0088F1FF /* Cinder-OpenNI */ = {
			isa = PBXGroup;
			children = (
				149E445B1B30B60B0088F1FF /* src */,
			);
			path = "Cinder-OpenNI";
			sourceTree = "<group>";
		};
		149E445B1B30B60B0088F1FF /* src */ = {
			isa = PBXGroup;
			children = (
				149E445C1B30B60B0088F1FF /* Cinder-OpenNI.cpp */,
				149E445D1B30B60B0088F1FF /* Cinder-OpenNI.h */,
				149E445E1B30B60B0088F1FF /* NiTE */,
				149E44651B30B60B0088F1FF /* OpenNI */,
			);
			path = src;
			sourceTree = "<group>";
		};
		149E445E1B30B60B0088F1FF /* NiTE */ = {
			isa = PBXGroup;
			children = (
				149E445F1B30B60B0088F1FF /* NiTE.h */,
				149E44601B30B60B0088F1FF /* NiteCAPI.h */,
				149E44611B30B60B0088F1FF /* NiteCEnums.h */,
				149E44621B30B60B0088F1FF /* NiteCTypes.h */,
				149E44631B30B60B0088F1FF /* NiteEnums.h */,
				149E44641B30B60B0088F1FF /* NiteVersion.h */,
			);
			path = NiTE;
			sourceTree = "<group>";
		};
		149E44651B30B60B0088F1FF /* OpenNI */ = {
			isa = PBXGroup;
			children = (
				149E44661B30B60B0088F1FF /* Android-Arm */,
				149E44681B30B60B0088F1FF /* Driver */,
				149E446B1B30B60B0088F1FF /* Linux-Arm */,
				149E446D1B30B60B0088F1FF /* Linux-x86 */,
				149E446F1B30B60B0088F1FF /* MacOSX */,
				149E44711B30B60B0088F1FF /* OniCAPI.h */,
				149E44721B30B60B0088F1FF /* OniCEnums.h */,
				149E44731B30B60B0088F1FF /* OniCProperties.h */,
				149E44741B30B60B0088F1FF /* OniCTypes.h */,
				149E44751B30B60B0088F1FF /* OniEnums.h */,
				149E44761B30B60B0088F1FF /* OniPlatform.h */,
				149E44771B30B60B0088F1FF /* OniProperties.h */,
				149E44781B30B60B0088F1FF /* OniVersion.h */,
				149E44791B30B60B0088F1FF /* OpenNI.h */,
				149E447A1B30B60B0088F1FF /* PrimeSense.h */,
				149E447B1B30B60B0088F1FF /* PS1080.h */,
				149E447C1B30B60B0088F1FF /* PSLink.h */,
				149E447D1B30B60B0088F1FF /* Win32 */,
			);
			path = OpenNI;
			sourceTree = "<group>";
		};
		149E44661B30B60B0088F1FF /* Android-Arm */ = {
			isa = PBXGroup;
			children = (
				149E44671B30B60B0088F1FF /* OniPlatformAndroid-Arm.h */,
			);
			path = "Android-Arm";
			sourceTree = "<group>";
		};
		149E44681B30B60B0088F1FF /* Driver */ = {
			isa = PBXGroup;
			children = (
				149E44691B30B60B0088F1FF /* OniDriverAPI.h */,
				149E446A1B30B60B0088F1FF /* OniDriverTypes.h */,
			);
			path = Driver;
			sourceTree = "<group>";
		};
		149E446B1B30B60B0088F1FF /* Linux-Arm */ = {
			isa = PBXGroup;
			children = (
				149E446C1B30B60B0088F1FF /* OniPlatformLinux-Arm.h */,
			);
			path = "Linux-Arm";
			sourceTree = "<group>";
		};
		149E446D1B30B60B0088F1FF /* Linux-x86 */ = {
			isa = PBXGroup;
			children = (
				149E446E1B30B60B0088F1FF /* OniPlatformLinux-x86.h */,
			);
			path = "Linux-x86";
			sourceTree = "<group>";
		};
		149E446F1B30B60B0088F1FF /* MacOSX */ = {
			isa = PBXGroup;
			children = (
				149E44701B30B60B0088F1FF /* OniPlatformMacOSX.h */,
			);
			path = MacOSX;
			sourceTree = "<group>";
		};
		149E447D1B30B60B0088F1FF /* Win32 */ = {
			isa = PBXGroup;
			children = (
				149E447E1B30B60B0088F1FF /* OniPlatformWin32.h */,
			);
			path = Win32;
			sourceTree = "<group>";
		};
		19C28FACFE9D520D11CA2CBB /* Products */ = {
			isa = PBXGroup;
			children = (
				8D1107320486CEB800E47090 /* MotionTracking.app */,
			);
			name = Products;
			sourceTree = "<group>";
		};
		29B97314FDCFA39411CA2CEA /* MotionTracking */ = {
			isa = PBXGroup;
			children = (
				01B97315FEAEA392516A2CEA /* Blocks */,
				29B97315FDCFA39411CA2CEA /* Headers */,
				080E96DDFE201D6D7F000001 /* Source */,
				29B97317FDCFA39411CA2CEA /* Resources */,
				29B97323FDCFA39411CA2CEA /* Frameworks */,
				19C28FACFE9D520D11CA2CBB /* Products */,
			);
			name = MotionTracking;
			sourceTree = "<group>";
		};
		29B97315FDCFA39411CA2CEA /* Headers */ = {
			isa = PBXGroup;
			children = (
				5994E9725684473B8E4A0D2C /* Resources.h */,
				374D94B320A44CEF93A6670F /* MotionTracking_Prefix.pch */,
			);
			name = Headers;
			sourceTree = "<group>";
		};
		29B97317FDCFA39411CA2CEA /* Resources */ = {
			isa = PBXGroup;
			children = (
				542130D84B774DCBA3FA0093 /* CinderApp.icns */,
				149E454B1B30CC5F0088F1FF /* libNiTE2.dylib */,
				149E454C1B30CC5F0088F1FF /* libOpenNI2.dylib */,
				149E454D1B30CC5F0088F1FF /* NiTE.ini */,
				149E454E1B30CC5F0088F1FF /* NiTE2 */,
				149E454F1B30CC5F0088F1FF /* NiTE2.dll */,
				149E45501B30CC5F0088F1FF /* NiTE2.lib */,
				149E45511B30CC5F0088F1FF /* OpenNI.ini */,
				149E45521B30CC5F0088F1FF /* OpenNI2 */,
				149E45531B30CC5F0088F1FF /* OpenNI2.dll */,
				149E45541B30CC5F0088F1FF /* OpenNI2.lib */,
				FD46921D8FD94FF4A68281A6 /* Info.plist */,
			);
			name = Resources;
			sourceTree = "<group>";
		};
		29B97323FDCFA39411CA2CEA /* Frameworks */ = {
			isa = PBXGroup;
			children = (
				1058C7A0FEA54F0111CA2CBB /* Linked Frameworks */,
				1058C7A2FEA54F0111CA2CBB /* Other Frameworks */,
			);
			name = Frameworks;
			sourceTree = "<group>";
		};
/* End PBXGroup section */

/* Begin PBXNativeTarget section */
		8D1107260486CEB800E47090 /* MotionTracking */ = {
			isa = PBXNativeTarget;
			buildConfigurationList = C01FCF4A08A954540054247B /* Build configuration list for PBXNativeTarget "MotionTracking" */;
			buildPhases = (
				8D1107290486CEB800E47090 /* Resources */,
				8D11072C0486CEB800E47090 /* Sources */,
				8D11072E0486CEB800E47090 /* Frameworks */,
				149E45271B30C8EC0088F1FF /* CopyFiles */,
			);
			buildRules = (
			);
			dependencies = (
			);
			name = MotionTracking;
			productInstallPath = "$(HOME)/Applications";
			productName = MotionTracking;
			productReference = 8D1107320486CEB800E47090 /* MotionTracking.app */;
			productType = "com.apple.product-type.application";
		};
/* End PBXNativeTarget section */

/* Begin PBXProject section */
		29B97313FDCFA39411CA2CEA /* Project object */ = {
			isa = PBXProject;
			attributes = {
			};
			buildConfigurationList = C01FCF4E08A954540054247B /* Build configuration list for PBXProject "MotionTracking" */;
			compatibilityVersion = "Xcode 3.2";
			developmentRegion = English;
			hasScannedForEncodings = 1;
			knownRegions = (
				English,
				Japanese,
				French,
				German,
			);
			mainGroup = 29B97314FDCFA39411CA2CEA /* MotionTracking */;
			projectDirPath = "";
			projectRoot = "";
			targets = (
				8D1107260486CEB800E47090 /* MotionTracking */,
			);
		};
/* End PBXProject section */

/* Begin PBXResourcesBuildPhase section */
		8D1107290486CEB800E47090 /* Resources */ = {
			isa = PBXResourcesBuildPhase;
			buildActionMask = 2147483647;
			files = (
				B7FE26569E484C6792AC0DA8 /* CinderApp.icns in Resources */,
			);
			runOnlyForDeploymentPostprocessing = 0;
		};
/* End PBXResourcesBuildPhase section */

/* Begin PBXSourcesBuildPhase section */
		8D11072C0486CEB800E47090 /* Sources */ = {
			isa = PBXSourcesBuildPhase;
			buildActionMask = 2147483647;
			files = (
				149E451A1B30B60B0088F1FF /* Cinder-OpenNI.cpp in Sources */,
				39C41A07DA614620835A5830 /* MotionTrackingApp.cpp in Sources */,
			);
			runOnlyForDeploymentPostprocessing = 0;
		};
/* End PBXSourcesBuildPhase section */

/* Begin XCBuildConfiguration section */
		C01FCF4B08A954540054247B /* Debug */ = {
			isa = XCBuildConfiguration;
			buildSettings = {
				COMBINE_HIDPI_IMAGES = YES;
				COPY_PHASE_STRIP = NO;
				DEAD_CODE_STRIPPING = YES;
				GCC_DYNAMIC_NO_PIC = NO;
				GCC_INLINES_ARE_PRIVATE_EXTERN = YES;
				GCC_OPTIMIZATION_LEVEL = 0;
				GCC_PRECOMPILE_PREFIX_HEADER = YES;
				GCC_PREFIX_HEADER = MotionTracking_Prefix.pch;
				GCC_PREPROCESSOR_DEFINITIONS = (
					"DEBUG=1",
					"$(inherited)",
				);
				GCC_SYMBOLS_PRIVATE_EXTERN = NO;
				INFOPLIST_FILE = Info.plist;
				INSTALL_PATH = "$(HOME)/Applications";
				LIBRARY_SEARCH_PATHS = (
					"$(inherited)",
					"$(PROJECT_DIR)/Cinder-OpenNI/lib",
					"$(PROJECT_DIR)/Cinder-OpenNI/lib/OpenNI2/Drivers",
					"$(PROJECT_DIR)",
				);
				OTHER_LDFLAGS = "\"$(CINDER_PATH)/lib/libcinder_d.a\"";
				PRODUCT_NAME = MotionTracking;
				SYMROOT = ./build;
				WRAPPER_EXTENSION = app;
			};
			name = Debug;
		};
		C01FCF4C08A954540054247B /* Release */ = {
			isa = XCBuildConfiguration;
			buildSettings = {
				COMBINE_HIDPI_IMAGES = YES;
				DEAD_CODE_STRIPPING = YES;
				DEBUG_INFORMATION_FORMAT = "dwarf-with-dsym";
				GCC_FAST_MATH = YES;
				GCC_GENERATE_DEBUGGING_SYMBOLS = NO;
				GCC_INLINES_ARE_PRIVATE_EXTERN = YES;
				GCC_OPTIMIZATION_LEVEL = 3;
				GCC_PRECOMPILE_PREFIX_HEADER = YES;
				GCC_PREFIX_HEADER = MotionTracking_Prefix.pch;
				GCC_PREPROCESSOR_DEFINITIONS = (
					"NDEBUG=1",
					"$(inherited)",
				);
				GCC_SYMBOLS_PRIVATE_EXTERN = NO;
				INFOPLIST_FILE = Info.plist;
				INSTALL_PATH = "$(HOME)/Applications";
				LIBRARY_SEARCH_PATHS = (
					"$(inherited)",
					"$(PROJECT_DIR)/Cinder-OpenNI/lib",
					"$(PROJECT_DIR)/Cinder-OpenNI/lib/OpenNI2/Drivers",
					"$(PROJECT_DIR)",
				);
				OTHER_LDFLAGS = "\"$(CINDER_PATH)/lib/libcinder.a\"";
				PRODUCT_NAME = MotionTracking;
				STRIP_INSTALLED_PRODUCT = YES;
				SYMROOT = ./build;
				WRAPPER_EXTENSION = app;
			};
			name = Release;
		};
		C01FCF4F08A954540054247B /* Debug */ = {
			isa = XCBuildConfiguration;
			buildSettings = {
				ALWAYS_SEARCH_USER_PATHS = NO;
				ARCHS = i386;
				CINDER_PATH = /Users/kathleen/Cinder;
				CLANG_CXX_LANGUAGE_STANDARD = "c++0x";
				CLANG_CXX_LIBRARY = "libc++";
				GCC_WARN_ABOUT_RETURN_TYPE = YES;
				GCC_WARN_UNUSED_VARIABLE = YES;
				HEADER_SEARCH_PATHS = "\"$(CINDER_PATH)/boost\"";
				MACOSX_DEPLOYMENT_TARGET = 10.7;
				SDKROOT = macosx;
				USER_HEADER_SEARCH_PATHS = "\"$(CINDER_PATH)/include\" ../include";
			};
			name = Debug;
		};
		C01FCF5008A954540054247B /* Release */ = {
			isa = XCBuildConfiguration;
			buildSettings = {
				ALWAYS_SEARCH_USER_PATHS = NO;
				ARCHS = i386;
				CINDER_PATH = /Users/kathleen/Cinder;
				CLANG_CXX_LANGUAGE_STANDARD = "c++0x";
				CLANG_CXX_LIBRARY = "libc++";
				GCC_WARN_ABOUT_RETURN_TYPE = YES;
				GCC_WARN_UNUSED_VARIABLE = YES;
				HEADER_SEARCH_PATHS = "\"$(CINDER_PATH)/boost\"";
				MACOSX_DEPLOYMENT_TARGET = 10.7;
				SDKROOT = macosx;
				USER_HEADER_SEARCH_PATHS = "\"$(CINDER_PATH)/include\" ../include";
			};
			name = Release;
		};
/* End XCBuildConfiguration section */

/* Begin XCConfigurationList section */
		C01FCF4A08A954540054247B /* Build configuration list for PBXNativeTarget "MotionTracking" */ = {
			isa = XCConfigurationList;
			buildConfigurations = (
				C01FCF4B08A954540054247B /* Debug */,
				C01FCF4C08A954540054247B /* Release */,
			);
			defaultConfigurationIsVisible = 0;
			defaultConfigurationName = Release;
		};
		C01FCF4E08A954540054247B /* Build configuration list for PBXProject "MotionTracking" */ = {
			isa = XCConfigurationList;
			buildConfigurations = (
				C01FCF4F08A954540054247B /* Debug */,
				C01FCF5008A954540054247B /* Release */,
			);
			defaultConfigurationIsVisible = 0;
			defaultConfigurationName = Release;
		};
/* End XCConfigurationList section */
	};
	rootObject = 29B97313FDCFA39411CA2CEA /* Project object */;
}
